
Microsoft Visual Studio Solution File, Format Version 12.00
# Visual Studio Version 17
VisualStudioVersion = 17.6.33723.286
MinimumVisualStudioVersion = 10.0.40219.1
Project("{FAE04EC0-301F-11D3-BF4B-00C04F79EFBC}") = "CLDVClassGroupActivity", "CLDVClassGroupActivity.csproj", "{D70504DE-62D7-40CD-BA52-791889E5A85B}"
EndProject
Global
	GlobalSection(SolutionConfigurationPlatforms) = preSolution
		Debug|Any CPU = Debug|Any CPU
		Release|Any CPU = Release|Any CPU
	EndGlobalSection
	GlobalSection(ProjectConfigurationPlatforms) = postSolution
		{D70504DE-62D7-40CD-BA52-791889E5A85B}.Debug|Any CPU.ActiveCfg = Debug|Any CPU
		{D70504DE-62D7-40CD-BA52-791889E5A85B}.Debug|Any CPU.Build.0 = Debug|Any CPU
		{D70504DE-62D7-40CD-BA52-791889E5A85B}.Release|Any CPU.ActiveCfg = Release|Any CPU
		{D70504DE-62D7-40CD-BA52-791889E5A85B}.Release|Any CPU.Build.0 = Release|Any CPU
	EndGlobalSection
	GlobalSection(SolutionProperties) = preSolution
		HideSolutionNode = FALSE
	EndGlobalSection
	GlobalSection(ExtensibilityGlobals) = postSolution
		SolutionGuid = {F2878C44-EE37-4663-8DE7-63685CC98576}
	EndGlobalSection
EndGlobal
